// !$*UTF8*$!
{
	archiveVersion = 1;
	classes = {
	};
	objectVersion = 46;
	objects = {

/* Begin PBXBuildFile section */
		2F92AA7A1C4ED0B40054731C /* ProblemReportingViewController.swift in Sources */ = {isa = PBXBuildFile; fileRef = 2F92AA791C4ED0B30054731C /* ProblemReportingViewController.swift */; };
		2F92AA7C1C502AAD0054731C /* CarAccidentViewController.swift in Sources */ = {isa = PBXBuildFile; fileRef = 2F92AA7B1C502AAD0054731C /* CarAccidentViewController.swift */; };
		2F97B9491C485528002D2AEE /* AppDelegate.swift in Sources */ = {isa = PBXBuildFile; fileRef = 2F97B9481C485528002D2AEE /* AppDelegate.swift */; };
		2F97B94B1C485528002D2AEE /* MainMenuViewController.swift in Sources */ = {isa = PBXBuildFile; fileRef = 2F97B94A1C485528002D2AEE /* MainMenuViewController.swift */; };
		2F97B94E1C485528002D2AEE /* Main.storyboard in Resources */ = {isa = PBXBuildFile; fileRef = 2F97B94C1C485528002D2AEE /* Main.storyboard */; };
		2F97B9501C485528002D2AEE /* Assets.xcassets in Resources */ = {isa = PBXBuildFile; fileRef = 2F97B94F1C485528002D2AEE /* Assets.xcassets */; };
		2F97B9531C485528002D2AEE /* LaunchScreen.storyboard in Resources */ = {isa = PBXBuildFile; fileRef = 2F97B9511C485528002D2AEE /* LaunchScreen.storyboard */; };
		2FA36A871C4862B100242DF0 /* UserDetailsViewController.swift in Sources */ = {isa = PBXBuildFile; fileRef = 2FA36A861C4862B100242DF0 /* UserDetailsViewController.swift */; };
		2FAF748D1C5C1BD30049D862 /* ReferenceData.swift in Sources */ = {isa = PBXBuildFile; fileRef = 2FAF748C1C5C1BD30049D862 /* ReferenceData.swift */; };
		2FAF748F1C5C1F0B0049D862 /* DamagesReferenceData.plist in Resources */ = {isa = PBXBuildFile; fileRef = 2FAF748E1C5C1F0B0049D862 /* DamagesReferenceData.plist */; };
		2FBE5D8D1C5C15C100637089 /* CarAccidentDetailsViewController.swift in Sources */ = {isa = PBXBuildFile; fileRef = 2FBE5D8C1C5C15C100637089 /* CarAccidentDetailsViewController.swift */; };
		2FE2C6511C4D77F300B0079F /* MarkerCollectionViewController.swift in Sources */ = {isa = PBXBuildFile; fileRef = 2FE2C6501C4D77F300B0079F /* MarkerCollectionViewController.swift */; };
		2FE2C6531C4D787B00B0079F /* MarkerCollectionViewCell.swift in Sources */ = {isa = PBXBuildFile; fileRef = 2FE2C6521C4D787B00B0079F /* MarkerCollectionViewCell.swift */; };
		2FF7D0841C4A989A002BEED6 /* CarDetails.swift in Sources */ = {isa = PBXBuildFile; fileRef = 2FF7D0831C4A989A002BEED6 /* CarDetails.swift */; };
		2FF7D0861C4A99B8002BEED6 /* CarDetailsViewController.swift in Sources */ = {isa = PBXBuildFile; fileRef = 2FF7D0851C4A99B8002BEED6 /* CarDetailsViewController.swift */; };
		65D6AB0C1C5EA905000E7BA1 /* BoardMarkersReferenceData.plist in Resources */ = {isa = PBXBuildFile; fileRef = 65D6AB0B1C5EA905000E7BA1 /* BoardMarkersReferenceData.plist */; };
/* End PBXBuildFile section */

/* Begin PBXFileReference section */
		2F92AA791C4ED0B30054731C /* ProblemReportingViewController.swift */ = {isa = PBXFileReference; fileEncoding = 4; lastKnownFileType = sourcecode.swift; path = ProblemReportingViewController.swift; sourceTree = "<group>"; };
		2F92AA7B1C502AAD0054731C /* CarAccidentViewController.swift */ = {isa = PBXFileReference; fileEncoding = 4; lastKnownFileType = sourcecode.swift; path = CarAccidentViewController.swift; sourceTree = "<group>"; };
		2F97B9451C485528002D2AEE /* ServiceApp.app */ = {isa = PBXFileReference; explicitFileType = wrapper.application; includeInIndex = 0; path = ServiceApp.app; sourceTree = BUILT_PRODUCTS_DIR; };
		2F97B9481C485528002D2AEE /* AppDelegate.swift */ = {isa = PBXFileReference; lastKnownFileType = sourcecode.swift; path = AppDelegate.swift; sourceTree = "<group>"; };
		2F97B94A1C485528002D2AEE /* MainMenuViewController.swift */ = {isa = PBXFileReference; lastKnownFileType = sourcecode.swift; path = MainMenuViewController.swift; sourceTree = "<group>"; };
		2F97B94D1C485528002D2AEE /* Base */ = {isa = PBXFileReference; lastKnownFileType = file.storyboard; name = Base; path = Base.lproj/Main.storyboard; sourceTree = "<group>"; };
		2F97B94F1C485528002D2AEE /* Assets.xcassets */ = {isa = PBXFileReference; lastKnownFileType = folder.assetcatalog; path = Assets.xcassets; sourceTree = "<group>"; };
		2F97B9521C485528002D2AEE /* Base */ = {isa = PBXFileReference; lastKnownFileType = file.storyboard; name = Base; path = Base.lproj/LaunchScreen.storyboard; sourceTree = "<group>"; };
		2F97B9541C485528002D2AEE /* Info.plist */ = {isa = PBXFileReference; lastKnownFileType = text.plist.xml; path = Info.plist; sourceTree = "<group>"; };
		2FA36A861C4862B100242DF0 /* UserDetailsViewController.swift */ = {isa = PBXFileReference; fileEncoding = 4; lastKnownFileType = sourcecode.swift; path = UserDetailsViewController.swift; sourceTree = "<group>"; };
		2FAF748C1C5C1BD30049D862 /* ReferenceData.swift */ = {isa = PBXFileReference; fileEncoding = 4; lastKnownFileType = sourcecode.swift; path = ReferenceData.swift; sourceTree = "<group>"; };
		2FAF748E1C5C1F0B0049D862 /* DamagesReferenceData.plist */ = {isa = PBXFileReference; fileEncoding = 4; lastKnownFileType = text.plist.xml; path = DamagesReferenceData.plist; sourceTree = "<group>"; };
		2FBE5D8C1C5C15C100637089 /* CarAccidentDetailsViewController.swift */ = {isa = PBXFileReference; fileEncoding = 4; lastKnownFileType = sourcecode.swift; path = CarAccidentDetailsViewController.swift; sourceTree = "<group>"; };
		2FE2C6501C4D77F300B0079F /* MarkerCollectionViewController.swift */ = {isa = PBXFileReference; fileEncoding = 4; lastKnownFileType = sourcecode.swift; path = MarkerCollectionViewController.swift; sourceTree = "<group>"; };
		2FE2C6521C4D787B00B0079F /* MarkerCollectionViewCell.swift */ = {isa = PBXFileReference; fileEncoding = 4; lastKnownFileType = sourcecode.swift; path = MarkerCollectionViewCell.swift; sourceTree = "<group>"; };
		2FF7D0831C4A989A002BEED6 /* CarDetails.swift */ = {isa = PBXFileReference; fileEncoding = 4; lastKnownFileType = sourcecode.swift; path = CarDetails.swift; sourceTree = "<group>"; };
		2FF7D0851C4A99B8002BEED6 /* CarDetailsViewController.swift */ = {isa = PBXFileReference; fileEncoding = 4; lastKnownFileType = sourcecode.swift; path = CarDetailsViewController.swift; sourceTree = "<group>"; };
		65D6AB0B1C5EA905000E7BA1 /* BoardMarkersReferenceData.plist */ = {isa = PBXFileReference; fileEncoding = 4; lastKnownFileType = text.plist.xml; path = BoardMarkersReferenceData.plist; sourceTree = "<group>"; };
/* End PBXFileReference section */

/* Begin PBXFrameworksBuildPhase section */
		2F97B9421C485528002D2AEE /* Frameworks */ = {
			isa = PBXFrameworksBuildPhase;
			buildActionMask = 2147483647;
			files = (
			);
			runOnlyForDeploymentPostprocessing = 0;
		};
/* End PBXFrameworksBuildPhase section */

/* Begin PBXGroup section */
		2F97B93C1C485528002D2AEE = {
			isa = PBXGroup;
			children = (
				2F97B9471C485528002D2AEE /* ServiceApp */,
				2F97B9461C485528002D2AEE /* Products */,
			);
			sourceTree = "<group>";
		};
		2F97B9461C485528002D2AEE /* Products */ = {
			isa = PBXGroup;
			children = (
				2F97B9451C485528002D2AEE /* ServiceApp.app */,
			);
			name = Products;
			sourceTree = "<group>";
		};
		2F97B9471C485528002D2AEE /* ServiceApp */ = {
			isa = PBXGroup;
			children = (
				2F97B9481C485528002D2AEE /* AppDelegate.swift */,
				2F97B94A1C485528002D2AEE /* MainMenuViewController.swift */,
				2F97B94C1C485528002D2AEE /* Main.storyboard */,
				2F97B94F1C485528002D2AEE /* Assets.xcassets */,
				2F97B9511C485528002D2AEE /* LaunchScreen.storyboard */,
				2F97B9541C485528002D2AEE /* Info.plist */,
				2FA36A861C4862B100242DF0 /* UserDetailsViewController.swift */,
				2FF7D0831C4A989A002BEED6 /* CarDetails.swift */,
				2FF7D0851C4A99B8002BEED6 /* CarDetailsViewController.swift */,
				2FE2C6501C4D77F300B0079F /* MarkerCollectionViewController.swift */,
				2FE2C6521C4D787B00B0079F /* MarkerCollectionViewCell.swift */,
				2F92AA791C4ED0B30054731C /* ProblemReportingViewController.swift */,
				2F92AA7B1C502AAD0054731C /* CarAccidentViewController.swift */,
				2FBE5D8C1C5C15C100637089 /* CarAccidentDetailsViewController.swift */,
				2FAF748C1C5C1BD30049D862 /* ReferenceData.swift */,
				2FAF748E1C5C1F0B0049D862 /* DamagesReferenceData.plist */,
				65D6AB0B1C5EA905000E7BA1 /* BoardMarkersReferenceData.plist */,
			);
			path = ServiceApp;
			sourceTree = "<group>";
		};
/* End PBXGroup section */

/* Begin PBXNativeTarget section */
		2F97B9441C485528002D2AEE /* ServiceApp */ = {
			isa = PBXNativeTarget;
			buildConfigurationList = 2F97B9571C485529002D2AEE /* Build configuration list for PBXNativeTarget "ServiceApp" */;
			buildPhases = (
				2F97B9411C485528002D2AEE /* Sources */,
				2F97B9421C485528002D2AEE /* Frameworks */,
				2F97B9431C485528002D2AEE /* Resources */,
			);
			buildRules = (
			);
			dependencies = (
			);
			name = ServiceApp;
			productName = ServiceApp;
			productReference = 2F97B9451C485528002D2AEE /* ServiceApp.app */;
			productType = "com.apple.product-type.application";
		};
/* End PBXNativeTarget section */

/* Begin PBXProject section */
		2F97B93D1C485528002D2AEE /* Project object */ = {
			isa = PBXProject;
			attributes = {
				LastSwiftUpdateCheck = 0720;
				LastUpgradeCheck = 0720;
				ORGANIZATIONNAME = "Iulian Radulescu";
				TargetAttributes = {
					2F97B9441C485528002D2AEE = {
						CreatedOnToolsVersion = 7.2;
						DevelopmentTeam = 3JLXN23YCB;
					};
				};
			};
			buildConfigurationList = 2F97B9401C485528002D2AEE /* Build configuration list for PBXProject "ServiceApp" */;
			compatibilityVersion = "Xcode 3.2";
			developmentRegion = English;
			hasScannedForEncodings = 0;
			knownRegions = (
				en,
				Base,
			);
			mainGroup = 2F97B93C1C485528002D2AEE;
			productRefGroup = 2F97B9461C485528002D2AEE /* Products */;
			projectDirPath = "";
			projectRoot = "";
			targets = (
				2F97B9441C485528002D2AEE /* ServiceApp */,
			);
		};
/* End PBXProject section */

/* Begin PBXResourcesBuildPhase section */
		2F97B9431C485528002D2AEE /* Resources */ = {
			isa = PBXResourcesBuildPhase;
			buildActionMask = 2147483647;
			files = (
				2F97B9531C485528002D2AEE /* LaunchScreen.storyboard in Resources */,
				2F97B9501C485528002D2AEE /* Assets.xcassets in Resources */,
				65D6AB0C1C5EA905000E7BA1 /* BoardMarkersReferenceData.plist in Resources */,
				2FAF748F1C5C1F0B0049D862 /* DamagesReferenceData.plist in Resources */,
				2F97B94E1C485528002D2AEE /* Main.storyboard in Resources */,
			);
			runOnlyForDeploymentPostprocessing = 0;
		};
/* End PBXResourcesBuildPhase section */

/* Begin PBXSourcesBuildPhase section */
		2F97B9411C485528002D2AEE /* Sources */ = {
			isa = PBXSourcesBuildPhase;
			buildActionMask = 2147483647;
			files = (
				2F97B94B1C485528002D2AEE /* MainMenuViewController.swift in Sources */,
				2FAF748D1C5C1BD30049D862 /* ReferenceData.swift in Sources */,
				2FE2C6531C4D787B00B0079F /* MarkerCollectionViewCell.swift in Sources */,
				2FF7D0861C4A99B8002BEED6 /* CarDetailsViewController.swift in Sources */,
				2F92AA7A1C4ED0B40054731C /* ProblemReportingViewController.swift in Sources */,
				2FF7D0841C4A989A002BEED6 /* CarDetails.swift in Sources */,
				2F92AA7C1C502AAD0054731C /* CarAccidentViewController.swift in Sources */,
				2F97B9491C485528002D2AEE /* AppDelegate.swift in Sources */,
				2FE2C6511C4D77F300B0079F /* MarkerCollectionViewController.swift in Sources */,
				2FA36A871C4862B100242DF0 /* UserDetailsViewController.swift in Sources */,
				2FBE5D8D1C5C15C100637089 /* CarAccidentDetailsViewController.swift in Sources */,
			);
			runOnlyForDeploymentPostprocessing = 0;
		};
/* End PBXSourcesBuildPhase section */

/* Begin PBXVariantGroup section */
		2F97B94C1C485528002D2AEE /* Main.storyboard */ = {
			isa = PBXVariantGroup;
			children = (
				2F97B94D1C485528002D2AEE /* Base */,
			);
			name = Main.storyboard;
			sourceTree = "<group>";
		};
		2F97B9511C485528002D2AEE /* LaunchScreen.storyboard */ = {
			isa = PBXVariantGroup;
			children = (
				2F97B9521C485528002D2AEE /* Base */,
			);
			name = LaunchScreen.storyboard;
			sourceTree = "<group>";
		};
/* End PBXVariantGroup section */

/* Begin XCBuildConfiguration section */
		2F97B9551C485529002D2AEE /* Debug */ = {
			isa = XCBuildConfiguration;
			buildSettings = {
				ALWAYS_SEARCH_USER_PATHS = NO;
				CLANG_CXX_LANGUAGE_STANDARD = "gnu++0x";
				CLANG_CXX_LIBRARY = "libc++";
				CLANG_ENABLE_MODULES = YES;
				CLANG_ENABLE_OBJC_ARC = YES;
				CLANG_WARN_BOOL_CONVERSION = YES;
				CLANG_WARN_CONSTANT_CONVERSION = YES;
				CLANG_WARN_DIRECT_OBJC_ISA_USAGE = YES_ERROR;
				CLANG_WARN_EMPTY_BODY = YES;
				CLANG_WARN_ENUM_CONVERSION = YES;
				CLANG_WARN_INT_CONVERSION = YES;
				CLANG_WARN_OBJC_ROOT_CLASS = YES_ERROR;
				CLANG_WARN_UNREACHABLE_CODE = YES;
				CLANG_WARN__DUPLICATE_METHOD_MATCH = YES;
				"CODE_SIGN_IDENTITY[sdk=iphoneos*]" = "iPhone Developer";
				COPY_PHASE_STRIP = NO;
				DEBUG_INFORMATION_FORMAT = dwarf;
				ENABLE_STRICT_OBJC_MSGSEND = YES;
				ENABLE_TESTABILITY = YES;
				GCC_C_LANGUAGE_STANDARD = gnu99;
				GCC_DYNAMIC_NO_PIC = NO;
				GCC_NO_COMMON_BLOCKS = YES;
				GCC_OPTIMIZATION_LEVEL = 0;
				GCC_PREPROCESSOR_DEFINITIONS = (
					"DEBUG=1",
					"$(inherited)",
				);
				GCC_WARN_64_TO_32_BIT_CONVERSION = YES;
				GCC_WARN_ABOUT_RETURN_TYPE = YES_ERROR;
				GCC_WARN_UNDECLARED_SELECTOR = YES;
				GCC_WARN_UNINITIALIZED_AUTOS = YES_AGGRESSIVE;
				GCC_WARN_UNUSED_FUNCTION = YES;
				GCC_WARN_UNUSED_VARIABLE = YES;
				IPHONEOS_DEPLOYMENT_TARGET = 9.2;
				MTL_ENABLE_DEBUG_INFO = YES;
				ONLY_ACTIVE_ARCH = YES;
				SDKROOT = iphoneos;
				SWIFT_OPTIMIZATION_LEVEL = "-Onone";
			};
			name = Debug;
		};
		2F97B9561C485529002D2AEE /* Release */ = {
			isa = XCBuildConfiguration;
			buildSettings = {
				ALWAYS_SEARCH_USER_PATHS = NO;
				CLANG_CXX_LANGUAGE_STANDARD = "gnu++0x";
				CLANG_CXX_LIBRARY = "libc++";
				CLANG_ENABLE_MODULES = YES;
				CLANG_ENABLE_OBJC_ARC = YES;
				CLANG_WARN_BOOL_CONVERSION = YES;
				CLANG_WARN_CONSTANT_CONVERSION = YES;
				CLANG_WARN_DIRECT_OBJC_ISA_USAGE = YES_ERROR;
				CLANG_WARN_EMPTY_BODY = YES;
				CLANG_WARN_ENUM_CONVERSION = YES;
				CLANG_WARN_INT_CONVERSION = YES;
				CLANG_WARN_OBJC_ROOT_CLASS = YES_ERROR;
				CLANG_WARN_UNREACHABLE_CODE = YES;
				CLANG_WARN__DUPLICATE_METHOD_MATCH = YES;
				"CODE_SIGN_IDENTITY[sdk=iphoneos*]" = "iPhone Developer";
				COPY_PHASE_STRIP = NO;
				DEBUG_INFORMATION_FORMAT = "dwarf-with-dsym";
				ENABLE_NS_ASSERTIONS = NO;
				ENABLE_STRICT_OBJC_MSGSEND = YES;
				GCC_C_LANGUAGE_STANDARD = gnu99;
				GCC_NO_COMMON_BLOCKS = YES;
				GCC_WARN_64_TO_32_BIT_CONVERSION = YES;
				GCC_WARN_ABOUT_RETURN_TYPE = YES_ERROR;
				GCC_WARN_UNDECLARED_SELECTOR = YES;
				GCC_WARN_UNINITIALIZED_AUTOS = YES_AGGRESSIVE;
				GCC_WARN_UNUSED_FUNCTION = YES;
				GCC_WARN_UNUSED_VARIABLE = YES;
				IPHONEOS_DEPLOYMENT_TARGET = 9.2;
				MTL_ENABLE_DEBUG_INFO = NO;
				SDKROOT = iphoneos;
				VALIDATE_PRODUCT = YES;
			};
			name = Release;
		};
		2F97B9581C485529002D2AEE /* Debug */ = {
			isa = XCBuildConfiguration;
			buildSettings = {
				ASSETCATALOG_COMPILER_APPICON_NAME = AppIcon;
				INFOPLIST_FILE = ServiceApp/Info.plist;
				LD_RUNPATH_SEARCH_PATHS = "$(inherited) @executable_path/Frameworks";
				PRODUCT_BUNDLE_IDENTIFIER = com.mastermind.ServiceApp;
				PRODUCT_NAME = "$(TARGET_NAME)";
			};
			name = Debug;
		};
		2F97B9591C485529002D2AEE /* Release */ = {
			isa = XCBuildConfiguration;
			buildSettings = {
				ASSETCATALOG_COMPILER_APPICON_NAME = AppIcon;
				INFOPLIST_FILE = ServiceApp/Info.plist;
				LD_RUNPATH_SEARCH_PATHS = "$(inherited) @executable_path/Frameworks";
				PRODUCT_BUNDLE_IDENTIFIER = com.mastermind.ServiceApp;
				PRODUCT_NAME = "$(TARGET_NAME)";
			};
			name = Release;
		};
/* End XCBuildConfiguration section */

/* Begin XCConfigurationList section */
		2F97B9401C485528002D2AEE /* Build configuration list for PBXProject "ServiceApp" */ = {
			isa = XCConfigurationList;
			buildConfigurations = (
				2F97B9551C485529002D2AEE /* Debug */,
				2F97B9561C485529002D2AEE /* Release */,
			);
			defaultConfigurationIsVisible = 0;
			defaultConfigurationName = Release;
		};
		2F97B9571C485529002D2AEE /* Build configuration list for PBXNativeTarget "ServiceApp" */ = {
			isa = XCConfigurationList;
			buildConfigurations = (
				2F97B9581C485529002D2AEE /* Debug */,
				2F97B9591C485529002D2AEE /* Release */,
			);
			defaultConfigurationIsVisible = 0;
			defaultConfigurationName = Release;
		};
/* End XCConfigurationList section */
	};
	rootObject = 2F97B93D1C485528002D2AEE /* Project object */;
}
